Microsoft Visual Studio Solution File, Format Version 12.00
# Visual Studio 16
VisualStudioVersion = 16.0.29920.165
MinimumVisualStudioVersion = 10.0.40219.1
Project("{2150E333-8FDC-42A3-9474-1A3956D46DE8}") = "src", "src", "{CFC1B42A-2604-4030-BD28-7706B47C6365}"
EndProject
Project("{2150E333-8FDC-42A3-9474-1A3956D46DE8}") = "test", "test", "{60C5F34E-58CA-43A7-AFAF-57F20755E996}"
EndProject
Project("{9A19103F-16F7-4668-BE54-9A1E7A4F7556}") = "VirtoCommerce.GDPR.Web", "src\VirtoCommerce.GDPR.Web\VirtoCommerce.GDPR.Web.csproj", "{E98EC09F-67E7-4C4C-90A0-AADF1DFBAFF9}"
EndProject
Project("{9A19103F-16F7-4668-BE54-9A1E7A4F7556}") = "VirtoCommerce.GDPR.Data", "src\VirtoCommerce.GDPR.Data\VirtoCommerce.GDPR.Data.csproj", "{24341E09-0617-4CBE-8E05-03DE87DA35B7}"
EndProject
Project("{9A19103F-16F7-4668-BE54-9A1E7A4F7556}") = "VirtoCommerce.GDPR.Tests", "tests\VirtoCommerce.GDPR.Tests\VirtoCommerce.GDPR.Tests.csproj", "{62A3D01E-8B7C-4ED9-BD39-B693C1FD8A73}"
EndProject
Project("{9A19103F-16F7-4668-BE54-9A1E7A4F7556}") = "VirtoCommerce.GDPR.Core", "src\VirtoCommerce.GDPR.Core\VirtoCommerce.GDPR.Core.csproj", "{5EA581DB-C235-47CC-9DCB-EBD556B56CD9}"
EndProject
Global
	GlobalSection(SolutionConfigurationPlatforms) = preSolution
		Debug|Any CPU = Debug|Any CPU
		Release|Any CPU = Release|Any CPU
	EndGlobalSection
	GlobalSection(ProjectConfigurationPlatforms) = postSolution
		{E98EC09F-67E7-4C4C-90A0-AADF1DFBAFF9}.Debug|Any CPU.ActiveCfg = Debug|Any CPU
		{E98EC09F-67E7-4C4C-90A0-AADF1DFBAFF9}.Debug|Any CPU.Build.0 = Debug|Any CPU
		{E98EC09F-67E7-4C4C-90A0-AADF1DFBAFF9}.Release|Any CPU.ActiveCfg = Release|Any CPU
		{E98EC09F-67E7-4C4C-90A0-AADF1DFBAFF9}.Release|Any CPU.Build.0 = Release|Any CPU
		{24341E09-0617-4CBE-8E05-03DE87DA35B7}.Debug|Any CPU.ActiveCfg = Debug|Any CPU
		{24341E09-0617-4CBE-8E05-03DE87DA35B7}.Debug|Any CPU.Build.0 = Debug|Any CPU
		{24341E09-0617-4CBE-8E05-03DE87DA35B7}.Release|Any CPU.ActiveCfg = Release|Any CPU
		{24341E09-0617-4CBE-8E05-03DE87DA35B7}.Release|Any CPU.Build.0 = Release|Any CPU
		{62A3D01E-8B7C-4ED9-BD39-B693C1FD8A73}.Debug|Any CPU.ActiveCfg = Debug|Any CPU
		{62A3D01E-8B7C-4ED9-BD39-B693C1FD8A73}.Debug|Any CPU.Build.0 = Debug|Any CPU
		{62A3D01E-8B7C-4ED9-BD39-B693C1FD8A73}.Release|Any CPU.ActiveCfg = Release|Any CPU
		{62A3D01E-8B7C-4ED9-BD39-B693C1FD8A73}.Release|Any CPU.Build.0 = Release|Any CPU
		{5EA581DB-C235-47CC-9DCB-EBD556B56CD9}.Debug|Any CPU.ActiveCfg = Debug|Any CPU
		{5EA581DB-C235-47CC-9DCB-EBD556B56CD9}.Debug|Any CPU.Build.0 = Debug|Any CPU
		{5EA581DB-C235-47CC-9DCB-EBD556B56CD9}.Release|Any CPU.ActiveCfg = Release|Any CPU
		{5EA581DB-C235-47CC-9DCB-EBD556B56CD9}.Release|Any CPU.Build.0 = Release|Any CPU
	EndGlobalSection
	GlobalSection(SolutionProperties) = preSolution
		HideSolutionNode = FALSE
	EndGlobalSection
    GlobalSection(NestedProjects) = preSolution
		{E98EC09F-67E7-4C4C-90A0-AADF1DFBAFF9} = {CFC1B42A-2604-4030-BD28-7706B47C6365}
		{24341E09-0617-4CBE-8E05-03DE87DA35B7} = {CFC1B42A-2604-4030-BD28-7706B47C6365}
		{5EA581DB-C235-47CC-9DCB-EBD556B56CD9} = {CFC1B42A-2604-4030-BD28-7706B47C6365}
		{62A3D01E-8B7C-4ED9-BD39-B693C1FD8A73} = {60C5F34E-58CA-43A7-AFAF-57F20755E996}
	EndGlobalSection
	GlobalSection(ExtensibilityGlobals) = postSolution
		57819CCE-6A3D-4BFF-9701-60E3646AB795 = {57819CCE-6A3D-4BFF-9701-60E3646AB795}
	EndGlobalSection
EndGlobal
