Microsoft Visual Studio Solution File, Format Version 12.00
# Visual Studio 16
VisualStudioVersion = 16.0.29920.165
MinimumVisualStudioVersion = 10.0.40219.1
Project("{2150E333-8FDC-42A3-9474-1A3956D46DE8}") = "src", "src", "{CFC1B42A-2604-4030-BD28-7706B47C6365}"
EndProject
Project("{2150E333-8FDC-42A3-9474-1A3956D46DE8}") = "test", "test", "{60C5F34E-58CA-43A7-AFAF-57F20755E996}"
EndProject
Project("{9A19103F-16F7-4668-BE54-9A1E7A4F7556}") = "VirtoCommerce.gdpr.Web", "src\VirtoCommerce.gdpr.Web\VirtoCommerce.gdpr.Web.csproj", "{EC5C3513-071B-4863-B8FE-EB1121D561F3}"
EndProject
Project("{9A19103F-16F7-4668-BE54-9A1E7A4F7556}") = "VirtoCommerce.gdpr.Data", "src\VirtoCommerce.gdpr.Data\VirtoCommerce.gdpr.Data.csproj", "{2DA535EA-E9A6-459E-ACE7-D9EE65177BFC}"
EndProject
Project("{9A19103F-16F7-4668-BE54-9A1E7A4F7556}") = "VirtoCommerce.gdpr.Tests", "tests\VirtoCommerce.gdpr.Tests\VirtoCommerce.gdpr.Tests.csproj", "{366F41E4-93EC-4607-A480-51C315E83CA1}"
EndProject
Project("{9A19103F-16F7-4668-BE54-9A1E7A4F7556}") = "VirtoCommerce.gdpr.Core", "src\VirtoCommerce.gdpr.Core\VirtoCommerce.gdpr.Core.csproj", "{4D67CECD-1E69-405F-91C5-D7B1590BC269}"
EndProject
Global
	GlobalSection(SolutionConfigurationPlatforms) = preSolution
		Debug|Any CPU = Debug|Any CPU
		Release|Any CPU = Release|Any CPU
	EndGlobalSection
	GlobalSection(ProjectConfigurationPlatforms) = postSolution
		{EC5C3513-071B-4863-B8FE-EB1121D561F3}.Debug|Any CPU.ActiveCfg = Debug|Any CPU
		{EC5C3513-071B-4863-B8FE-EB1121D561F3}.Debug|Any CPU.Build.0 = Debug|Any CPU
		{EC5C3513-071B-4863-B8FE-EB1121D561F3}.Release|Any CPU.ActiveCfg = Release|Any CPU
		{EC5C3513-071B-4863-B8FE-EB1121D561F3}.Release|Any CPU.Build.0 = Release|Any CPU
		{2DA535EA-E9A6-459E-ACE7-D9EE65177BFC}.Debug|Any CPU.ActiveCfg = Debug|Any CPU
		{2DA535EA-E9A6-459E-ACE7-D9EE65177BFC}.Debug|Any CPU.Build.0 = Debug|Any CPU
		{2DA535EA-E9A6-459E-ACE7-D9EE65177BFC}.Release|Any CPU.ActiveCfg = Release|Any CPU
		{2DA535EA-E9A6-459E-ACE7-D9EE65177BFC}.Release|Any CPU.Build.0 = Release|Any CPU
		{366F41E4-93EC-4607-A480-51C315E83CA1}.Debug|Any CPU.ActiveCfg = Debug|Any CPU
		{366F41E4-93EC-4607-A480-51C315E83CA1}.Debug|Any CPU.Build.0 = Debug|Any CPU
		{366F41E4-93EC-4607-A480-51C315E83CA1}.Release|Any CPU.ActiveCfg = Release|Any CPU
		{366F41E4-93EC-4607-A480-51C315E83CA1}.Release|Any CPU.Build.0 = Release|Any CPU
		{4D67CECD-1E69-405F-91C5-D7B1590BC269}.Debug|Any CPU.ActiveCfg = Debug|Any CPU
		{4D67CECD-1E69-405F-91C5-D7B1590BC269}.Debug|Any CPU.Build.0 = Debug|Any CPU
		{4D67CECD-1E69-405F-91C5-D7B1590BC269}.Release|Any CPU.ActiveCfg = Release|Any CPU
		{4D67CECD-1E69-405F-91C5-D7B1590BC269}.Release|Any CPU.Build.0 = Release|Any CPU
	EndGlobalSection
	GlobalSection(SolutionProperties) = preSolution
		HideSolutionNode = FALSE
	EndGlobalSection
    GlobalSection(NestedProjects) = preSolution
		{EC5C3513-071B-4863-B8FE-EB1121D561F3} = {CFC1B42A-2604-4030-BD28-7706B47C6365}
		{2DA535EA-E9A6-459E-ACE7-D9EE65177BFC} = {CFC1B42A-2604-4030-BD28-7706B47C6365}
		{4D67CECD-1E69-405F-91C5-D7B1590BC269} = {CFC1B42A-2604-4030-BD28-7706B47C6365}
		{366F41E4-93EC-4607-A480-51C315E83CA1} = {60C5F34E-58CA-43A7-AFAF-57F20755E996}
	EndGlobalSection
	GlobalSection(ExtensibilityGlobals) = postSolution
		F9B61E76-79BB-4F8A-8055-F3739F1D6B2A = {F9B61E76-79BB-4F8A-8055-F3739F1D6B2A}
	EndGlobalSection
EndGlobal
