Microsoft Visual Studio Solution File, Format Version 12.00
# Visual Studio 16
VisualStudioVersion = 16.0.29920.165
MinimumVisualStudioVersion = 10.0.40219.1
Project("{2150E333-8FDC-42A3-9474-1A3956D46DE8}") = "src", "src", "{CFC1B42A-2604-4030-BD28-7706B47C6365}"
EndProject
Project("{2150E333-8FDC-42A3-9474-1A3956D46DE8}") = "test", "test", "{60C5F34E-58CA-43A7-AFAF-57F20755E996}"
EndProject
Project("{9A19103F-16F7-4668-BE54-9A1E7A4F7556}") = "VirtoCommerce.GDPR.Web", "src\VirtoCommerce.GDPR.Web\VirtoCommerce.GDPR.Web.csproj", "{D031D8F3-68A9-4717-9F20-683CA6ACC3C3}"
EndProject
Project("{9A19103F-16F7-4668-BE54-9A1E7A4F7556}") = "VirtoCommerce.GDPR.Data", "src\VirtoCommerce.GDPR.Data\VirtoCommerce.GDPR.Data.csproj", "{A5B905C0-8FB3-42E4-A27B-6D1DA28410BC}"
EndProject
Project("{9A19103F-16F7-4668-BE54-9A1E7A4F7556}") = "VirtoCommerce.GDPR.Tests", "tests\VirtoCommerce.GDPR.Tests\VirtoCommerce.GDPR.Tests.csproj", "{614466EE-39AE-40FB-A1C2-56BE8DBAE9C6}"
EndProject
Project("{9A19103F-16F7-4668-BE54-9A1E7A4F7556}") = "VirtoCommerce.GDPR.Core", "src\VirtoCommerce.GDPR.Core\VirtoCommerce.GDPR.Core.csproj", "{B7BB81AE-E8F9-43CB-BAAC-30F4AE9DB2CF}"
EndProject
Global
	GlobalSection(SolutionConfigurationPlatforms) = preSolution
		Debug|Any CPU = Debug|Any CPU
		Release|Any CPU = Release|Any CPU
	EndGlobalSection
	GlobalSection(ProjectConfigurationPlatforms) = postSolution
		{D031D8F3-68A9-4717-9F20-683CA6ACC3C3}.Debug|Any CPU.ActiveCfg = Debug|Any CPU
		{D031D8F3-68A9-4717-9F20-683CA6ACC3C3}.Debug|Any CPU.Build.0 = Debug|Any CPU
		{D031D8F3-68A9-4717-9F20-683CA6ACC3C3}.Release|Any CPU.ActiveCfg = Release|Any CPU
		{D031D8F3-68A9-4717-9F20-683CA6ACC3C3}.Release|Any CPU.Build.0 = Release|Any CPU
		{A5B905C0-8FB3-42E4-A27B-6D1DA28410BC}.Debug|Any CPU.ActiveCfg = Debug|Any CPU
		{A5B905C0-8FB3-42E4-A27B-6D1DA28410BC}.Debug|Any CPU.Build.0 = Debug|Any CPU
		{A5B905C0-8FB3-42E4-A27B-6D1DA28410BC}.Release|Any CPU.ActiveCfg = Release|Any CPU
		{A5B905C0-8FB3-42E4-A27B-6D1DA28410BC}.Release|Any CPU.Build.0 = Release|Any CPU
		{614466EE-39AE-40FB-A1C2-56BE8DBAE9C6}.Debug|Any CPU.ActiveCfg = Debug|Any CPU
		{614466EE-39AE-40FB-A1C2-56BE8DBAE9C6}.Debug|Any CPU.Build.0 = Debug|Any CPU
		{614466EE-39AE-40FB-A1C2-56BE8DBAE9C6}.Release|Any CPU.ActiveCfg = Release|Any CPU
		{614466EE-39AE-40FB-A1C2-56BE8DBAE9C6}.Release|Any CPU.Build.0 = Release|Any CPU
		{B7BB81AE-E8F9-43CB-BAAC-30F4AE9DB2CF}.Debug|Any CPU.ActiveCfg = Debug|Any CPU
		{B7BB81AE-E8F9-43CB-BAAC-30F4AE9DB2CF}.Debug|Any CPU.Build.0 = Debug|Any CPU
		{B7BB81AE-E8F9-43CB-BAAC-30F4AE9DB2CF}.Release|Any CPU.ActiveCfg = Release|Any CPU
		{B7BB81AE-E8F9-43CB-BAAC-30F4AE9DB2CF}.Release|Any CPU.Build.0 = Release|Any CPU
	EndGlobalSection
	GlobalSection(SolutionProperties) = preSolution
		HideSolutionNode = FALSE
	EndGlobalSection
    GlobalSection(NestedProjects) = preSolution
		{D031D8F3-68A9-4717-9F20-683CA6ACC3C3} = {CFC1B42A-2604-4030-BD28-7706B47C6365}
		{A5B905C0-8FB3-42E4-A27B-6D1DA28410BC} = {CFC1B42A-2604-4030-BD28-7706B47C6365}
		{B7BB81AE-E8F9-43CB-BAAC-30F4AE9DB2CF} = {CFC1B42A-2604-4030-BD28-7706B47C6365}
		{614466EE-39AE-40FB-A1C2-56BE8DBAE9C6} = {60C5F34E-58CA-43A7-AFAF-57F20755E996}
	EndGlobalSection
	GlobalSection(ExtensibilityGlobals) = postSolution
		9C8BA179-B958-45C1-B34F-9CF52542E660 = {9C8BA179-B958-45C1-B34F-9CF52542E660}
	EndGlobalSection
EndGlobal
